github.com/google/uuid v1.6.0 h1:NIvaJDMOsjHA8n1jAhLSgzrAzy1Hgr+hNrb57e+94F0=
github.com/google/uuid v1.6.0/go.mod h1:TIyPZe4MgqvfeYDBFedMoGGpEw/LqOeaOT+nhxU+yHo=
github.com/mateothegreat/go-bench v0.0.0-20250802152815-584d128a611c h1:J6Ubno9ijoLBhD7y2a/BR3T3RG79ep3gov7Q2znKQak=
github.com/mateothegreat/go-bench v0.0.0-20250802152815-584d128a611c/go.mod h1:Ue1ZuwVshv4+ldTKsP4N/BpIMzh2q/1DgNPAMUNswX0=
